// !$*UTF8*$!
{
	archiveVersion = 1;
	classes = {
	};
	objectVersion = 46;
	objects = {

/* Begin PBXBuildFile section */
		CD0C1B1E1BF249880007091A /* AppDelegate.swift in Sources */ = {isa = PBXBuildFile; fileRef = CD0C1B1D1BF249880007091A /* AppDelegate.swift */; };
		CD0C1B201BF249880007091A /* ViewController.swift in Sources */ = {isa = PBXBuildFile; fileRef = CD0C1B1F1BF249880007091A /* ViewController.swift */; };
		CD0C1B231BF249880007091A /* Main.storyboard in Resources */ = {isa = PBXBuildFile; fileRef = CD0C1B211BF249880007091A /* Main.storyboard */; };
		CD0C1B251BF249880007091A /* Assets.xcassets in Resources */ = {isa = PBXBuildFile; fileRef = CD0C1B241BF249880007091A /* Assets.xcassets */; };
		CD0C1B281BF249880007091A /* LaunchScreen.storyboard in Resources */ = {isa = PBXBuildFile; fileRef = CD0C1B261BF249880007091A /* LaunchScreen.storyboard */; };
		CD0C1B331BF249880007091A /* boomAppTests.swift in Sources */ = {isa = PBXBuildFile; fileRef = CD0C1B321BF249880007091A /* boomAppTests.swift */; };
		CD0C1B3E1BF249880007091A /* boomAppUITests.swift in Sources */ = {isa = PBXBuildFile; fileRef = CD0C1B3D1BF249880007091A /* boomAppUITests.swift */; };
/* End PBXBuildFile section */

/* Begin PBXContainerItemProxy section */
		CD0C1B2F1BF249880007091A /* PBXContainerItemProxy */ = {
			isa = PBXContainerItemProxy;
			containerPortal = CD0C1B121BF249880007091A /* Project object */;
			proxyType = 1;
			remoteGlobalIDString = CD0C1B191BF249880007091A;
			remoteInfo = boomApp;
		};
		CD0C1B3A1BF249880007091A /* PBXContainerItemProxy */ = {
			isa = PBXContainerItemProxy;
			containerPortal = CD0C1B121BF249880007091A /* Project object */;
			proxyType = 1;
			remoteGlobalIDString = CD0C1B191BF249880007091A;
			remoteInfo = boomApp;
		};
/* End PBXContainerItemProxy section */

/* Begin PBXFileReference section */
		CD0C1B1A1BF249880007091A /* boomApp.app */ = {isa = PBXFileReference; explicitFileType = wrapper.application; includeInIndex = 0; path = boomApp.app; sourceTree = BUILT_PRODUCTS_DIR; };
		CD0C1B1D1BF249880007091A /* AppDelegate.swift */ = {isa = PBXFileReference; lastKnownFileType = sourcecode.swift; path = AppDelegate.swift; sourceTree = "<group>"; };
		CD0C1B1F1BF249880007091A /* ViewController.swift */ = {isa = PBXFileReference; lastKnownFileType = sourcecode.swift; path = ViewController.swift; sourceTree = "<group>"; };
		CD0C1B221BF249880007091A /* Base */ = {isa = PBXFileReference; lastKnownFileType = file.storyboard; name = Base; path = Base.lproj/Main.storyboard; sourceTree = "<group>"; };
		CD0C1B241BF249880007091A /* Assets.xcassets */ = {isa = PBXFileReference; lastKnownFileType = folder.assetcatalog; path = Assets.xcassets; sourceTree = "<group>"; };
		CD0C1B271BF249880007091A /* Base */ = {isa = PBXFileReference; lastKnownFileType = file.storyboard; name = Base; path = Base.lproj/LaunchScreen.storyboard; sourceTree = "<group>"; };
		CD0C1B291BF249880007091A /* Info.plist */ = {isa = PBXFileReference; lastKnownFileType = text.plist.xml; path = Info.plist; sourceTree = "<group>"; };
		CD0C1B2E1BF249880007091A /* boomAppTests.xctest */ = {isa = PBXFileReference; explicitFileType = wrapper.cfbundle; includeInIndex = 0; path = boomAppTests.xctest; sourceTree = BUILT_PRODUCTS_DIR; };
		CD0C1B321BF249880007091A /* boomAppTests.swift */ = {isa = PBXFileReference; lastKnownFileType = sourcecode.swift; path = boomAppTests.swift; sourceTree = "<group>"; };
		CD0C1B341BF249880007091A /* Info.plist */ = {isa = PBXFileReference; lastKnownFileType = text.plist.xml; path = Info.plist; sourceTree = "<group>"; };
		CD0C1B391BF249880007091A /* boomAppUITests.xctest */ = {isa = PBXFileReference; explicitFileType = wrapper.cfbundle; includeInIndex = 0; path = boomAppUITests.xctest; sourceTree = BUILT_PRODUCTS_DIR; };
		CD0C1B3D1BF249880007091A /* boomAppUITests.swift */ = {isa = PBXFileReference; lastKnownFileType = sourcecode.swift; path = boomAppUITests.swift; sourceTree = "<group>"; };
		CD0C1B3F1BF249880007091A /* Info.plist */ = {isa = PBXFileReference; lastKnownFileType = text.plist.xml; path = Info.plist; sourceTree = "<group>"; };
/* End PBXFileReference section */

/* Begin PBXFrameworksBuildPhase section */
		CD0C1B171BF249880007091A /* Frameworks */ = {
			isa = PBXFrameworksBuildPhase;
			buildActionMask = 2147483647;
			files = (
			);
			runOnlyForDeploymentPostprocessing = 0;
		};
		CD0C1B2B1BF249880007091A /* Frameworks */ = {
			isa = PBXFrameworksBuildPhase;
			buildActionMask = 2147483647;
			files = (
			);
			runOnlyForDeploymentPostprocessing = 0;
		};
		CD0C1B361BF249880007091A /* Frameworks */ = {
			isa = PBXFrameworksBuildPhase;
			buildActionMask = 2147483647;
			files = (
			);
			runOnlyForDeploymentPostprocessing = 0;
		};
/* End PBXFrameworksBuildPhase section */

/* Begin PBXGroup section */
		CD0C1B111BF249880007091A = {
			isa = PBXGroup;
			children = (
				CD0C1B1C1BF249880007091A /* boomApp */,
				CD0C1B311BF249880007091A /* boomAppTests */,
				CD0C1B3C1BF249880007091A /* boomAppUITests */,
				CD0C1B1B1BF249880007091A /* Products */,
			);
			sourceTree = "<group>";
		};
		CD0C1B1B1BF249880007091A /* Products */ = {
			isa = PBXGroup;
			children = (
				CD0C1B1A1BF249880007091A /* boomApp.app */,
				CD0C1B2E1BF249880007091A /* boomAppTests.xctest */,
				CD0C1B391BF249880007091A /* boomAppUITests.xctest */,
			);
			name = Products;
			sourceTree = "<group>";
		};
		CD0C1B1C1BF249880007091A /* boomApp */ = {
			isa = PBXGroup;
			children = (
				CD0C1B1D1BF249880007091A /* AppDelegate.swift */,
				CD0C1B1F1BF249880007091A /* ViewController.swift */,
				CD0C1B211BF249880007091A /* Main.storyboard */,
				CD0C1B241BF249880007091A /* Assets.xcassets */,
				CD0C1B261BF249880007091A /* LaunchScreen.storyboard */,
				CD0C1B291BF249880007091A /* Info.plist */,
			);
			path = boomApp;
			sourceTree = "<group>";
		};
		CD0C1B311BF249880007091A /* boomAppTests */ = {
			isa = PBXGroup;
			children = (
				CD0C1B321BF249880007091A /* boomAppTests.swift */,
				CD0C1B341BF249880007091A /* Info.plist */,
			);
			path = boomAppTests;
			sourceTree = "<group>";
		};
		CD0C1B3C1BF249880007091A /* boomAppUITests */ = {
			isa = PBXGroup;
			children = (
				CD0C1B3D1BF249880007091A /* boomAppUITests.swift */,
				CD0C1B3F1BF249880007091A /* Info.plist */,
			);
			path = boomAppUITests;
			sourceTree = "<group>";
		};
/* End PBXGroup section */

/* Begin PBXNativeTarget section */
		CD0C1B191BF249880007091A /* boomApp */ = {
			isa = PBXNativeTarget;
			buildConfigurationList = CD0C1B421BF249880007091A /* Build configuration list for PBXNativeTarget "boomApp" */;
			buildPhases = (
				CD0C1B161BF249880007091A /* Sources */,
				CD0C1B171BF249880007091A /* Frameworks */,
				CD0C1B181BF249880007091A /* Resources */,
			);
			buildRules = (
			);
			dependencies = (
			);
			name = boomApp;
			productName = boomApp;
			productReference = CD0C1B1A1BF249880007091A /* boomApp.app */;
			productType = "com.apple.product-type.application";
		};
		CD0C1B2D1BF249880007091A /* boomAppTests */ = {
			isa = PBXNativeTarget;
			buildConfigurationList = CD0C1B451BF249880007091A /* Build configuration list for PBXNativeTarget "boomAppTests" */;
			buildPhases = (
				CD0C1B2A1BF249880007091A /* Sources */,
				CD0C1B2B1BF249880007091A /* Frameworks */,
				CD0C1B2C1BF249880007091A /* Resources */,
			);
			buildRules = (
			);
			dependencies = (
				CD0C1B301BF249880007091A /* PBXTargetDependency */,
			);
			name = boomAppTests;
			productName = boomAppTests;
			productReference = CD0C1B2E1BF249880007091A /* boomAppTests.xctest */;
			productType = "com.apple.product-type.bundle.unit-test";
		};
		CD0C1B381BF249880007091A /* boomAppUITests */ = {
			isa = PBXNativeTarget;
			buildConfigurationList = CD0C1B481BF249880007091A /* Build configuration list for PBXNativeTarget "boomAppUITests" */;
			buildPhases = (
				CD0C1B351BF249880007091A /* Sources */,
				CD0C1B361BF249880007091A /* Frameworks */,
				CD0C1B371BF249880007091A /* Resources */,
			);
			buildRules = (
			);
			dependencies = (
				CD0C1B3B1BF249880007091A /* PBXTargetDependency */,
			);
			name = boomAppUITests;
			productName = boomAppUITests;
			productReference = CD0C1B391BF249880007091A /* boomAppUITests.xctest */;
			productType = "com.apple.product-type.bundle.ui-testing";
		};
/* End PBXNativeTarget section */

/* Begin PBXProject section */
		CD0C1B121BF249880007091A /* Project object */ = {
			isa = PBXProject;
			attributes = {
				LastUpgradeCheck = 0710;
				ORGANIZATIONNAME = "shawn murray";
				TargetAttributes = {
					CD0C1B191BF249880007091A = {
						CreatedOnToolsVersion = 7.1;
						DevelopmentTeam = YBE5448SV3;
					};
					CD0C1B2D1BF249880007091A = {
						CreatedOnToolsVersion = 7.1;
						DevelopmentTeam = YBE5448SV3;
						TestTargetID = CD0C1B191BF249880007091A;
					};
					CD0C1B381BF249880007091A = {
						CreatedOnToolsVersion = 7.1;
						DevelopmentTeam = YBE5448SV3;
						TestTargetID = CD0C1B191BF249880007091A;
					};
				};
			};
			buildConfigurationList = CD0C1B151BF249880007091A /* Build configuration list for PBXProject "boomApp" */;
			compatibilityVersion = "Xcode 3.2";
			developmentRegion = English;
			hasScannedForEncodings = 0;
			knownRegions = (
				en,
				Base,
			);
			mainGroup = CD0C1B111BF249880007091A;
			productRefGroup = CD0C1B1B1BF249880007091A /* Products */;
			projectDirPath = "";
			projectRoot = "";
			targets = (
				CD0C1B191BF249880007091A /* boomApp */,
				CD0C1B2D1BF249880007091A /* boomAppTests */,
				CD0C1B381BF249880007091A /* boomAppUITests */,
			);
		};
/* End PBXProject section */

/* Begin PBXResourcesBuildPhase section */
		CD0C1B181BF249880007091A /* Resources */ = {
			isa = PBXResourcesBuildPhase;
			buildActionMask = 2147483647;
			files = (
				CD0C1B281BF249880007091A /* LaunchScreen.storyboard in Resources */,
				CD0C1B251BF249880007091A /* Assets.xcassets in Resources */,
				CD0C1B231BF249880007091A /* Main.storyboard in Resources */,
			);
			runOnlyForDeploymentPostprocessing = 0;
		};
		CD0C1B2C1BF249880007091A /* Resources */ = {
			isa = PBXResourcesBuildPhase;
			buildActionMask = 2147483647;
			files = (
			);
			runOnlyForDeploymentPostprocessing = 0;
		};
		CD0C1B371BF249880007091A /* Resources */ = {
			isa = PBXResourcesBuildPhase;
			buildActionMask = 2147483647;
			files = (
			);
			runOnlyForDeploymentPostprocessing = 0;
		};
/* End PBXResourcesBuildPhase section */

/* Begin PBXSourcesBuildPhase section */
		CD0C1B161BF249880007091A /* Sources */ = {
			isa = PBXSourcesBuildPhase;
			buildActionMask = 2147483647;
			files = (
				CD0C1B201BF249880007091A /* ViewController.swift in Sources */,
				CD0C1B1E1BF249880007091A /* AppDelegate.swift in Sources */,
			);
			runOnlyForDeploymentPostprocessing = 0;
		};
		CD0C1B2A1BF249880007091A /* Sources */ = {
			isa = PBXSourcesBuildPhase;
			buildActionMask = 2147483647;
			files = (
				CD0C1B331BF249880007091A /* boomAppTests.swift in Sources */,
			);
			runOnlyForDeploymentPostprocessing = 0;
		};
		CD0C1B351BF249880007091A /* Sources */ = {
			isa = PBXSourcesBuildPhase;
			buildActionMask = 2147483647;
			files = (
				CD0C1B3E1BF249880007091A /* boomAppUITests.swift in Sources */,
			);
			runOnlyForDeploymentPostprocessing = 0;
		};
/* End PBXSourcesBuildPhase section */

/* Begin PBXTargetDependency section */
		CD0C1B301BF249880007091A /* PBXTargetDependency */ = {
			isa = PBXTargetDependency;
			target = CD0C1B191BF249880007091A /* boomApp */;
			targetProxy = CD0C1B2F1BF249880007091A /* PBXContainerItemProxy */;
		};
		CD0C1B3B1BF249880007091A /* PBXTargetDependency */ = {
			isa = PBXTargetDependency;
			target = CD0C1B191BF249880007091A /* boomApp */;
			targetProxy = CD0C1B3A1BF249880007091A /* PBXContainerItemProxy */;
		};
/* End PBXTargetDependency section */

/* Begin PBXVariantGroup section */
		CD0C1B211BF249880007091A /* Main.storyboard */ = {
			isa = PBXVariantGroup;
			children = (
				CD0C1B221BF249880007091A /* Base */,
			);
			name = Main.storyboard;
			sourceTree = "<group>";
		};
		CD0C1B261BF249880007091A /* LaunchScreen.storyboard */ = {
			isa = PBXVariantGroup;
			children = (
				CD0C1B271BF249880007091A /* Base */,
			);
			name = LaunchScreen.storyboard;
			sourceTree = "<group>";
		};
/* End PBXVariantGroup section */

/* Begin XCBuildConfiguration section */
		CD0C1B401BF249880007091A /* Debug */ = {
			isa = XCBuildConfiguration;
			buildSettings = {
				ALWAYS_SEARCH_USER_PATHS = NO;
				CLANG_CXX_LANGUAGE_STANDARD = "gnu++0x";
				CLANG_CXX_LIBRARY = "libc++";
				CLANG_ENABLE_MODULES = YES;
				CLANG_ENABLE_OBJC_ARC = YES;
				CLANG_WARN_BOOL_CONVERSION = YES;
				CLANG_WARN_CONSTANT_CONVERSION = YES;
				CLANG_WARN_DIRECT_OBJC_ISA_USAGE = YES_ERROR;
				CLANG_WARN_EMPTY_BODY = YES;
				CLANG_WARN_ENUM_CONVERSION = YES;
				CLANG_WARN_INT_CONVERSION = YES;
				CLANG_WARN_OBJC_ROOT_CLASS = YES_ERROR;
				CLANG_WARN_UNREACHABLE_CODE = YES;
				CLANG_WARN__DUPLICATE_METHOD_MATCH = YES;
				"CODE_SIGN_IDENTITY[sdk=iphoneos*]" = "iPhone Developer";
				COPY_PHASE_STRIP = NO;
				DEBUG_INFORMATION_FORMAT = dwarf;
				ENABLE_STRICT_OBJC_MSGSEND = YES;
				ENABLE_TESTABILITY = YES;
				GCC_C_LANGUAGE_STANDARD = gnu99;
				GCC_DYNAMIC_NO_PIC = NO;
				GCC_NO_COMMON_BLOCKS = YES;
				GCC_OPTIMIZATION_LEVEL = 0;
				GCC_PREPROCESSOR_DEFINITIONS = (
					"DEBUG=1",
					"$(inherited)",
				);
				GCC_WARN_64_TO_32_BIT_CONVERSION = YES;
				GCC_WARN_ABOUT_RETURN_TYPE = YES_ERROR;
				GCC_WARN_UNDECLARED_SELECTOR = YES;
				GCC_WARN_UNINITIALIZED_AUTOS = YES_AGGRESSIVE;
				GCC_WARN_UNUSED_FUNCTION = YES;
				GCC_WARN_UNUSED_VARIABLE = YES;
				IPHONEOS_DEPLOYMENT_TARGET = 9.1;
				MTL_ENABLE_DEBUG_INFO = YES;
				ONLY_ACTIVE_ARCH = YES;
				SDKROOT = iphoneos;
				SWIFT_OPTIMIZATION_LEVEL = "-Onone";
			};
			name = Debug;
		};
		CD0C1B411BF249880007091A /* Release */ = {
			isa = XCBuildConfiguration;
			buildSettings = {
				ALWAYS_SEARCH_USER_PATHS = NO;
				CLANG_CXX_LANGUAGE_STANDARD = "gnu++0x";
				CLANG_CXX_LIBRARY = "libc++";
				CLANG_ENABLE_MODULES = YES;
				CLANG_ENABLE_OBJC_ARC = YES;
				CLANG_WARN_BOOL_CONVERSION = YES;
				CLANG_WARN_CONSTANT_CONVERSION = YES;
				CLANG_WARN_DIRECT_OBJC_ISA_USAGE = YES_ERROR;
				CLANG_WARN_EMPTY_BODY = YES;
				CLANG_WARN_ENUM_CONVERSION = YES;
				CLANG_WARN_INT_CONVERSION = YES;
				CLANG_WARN_OBJC_ROOT_CLASS = YES_ERROR;
				CLANG_WARN_UNREACHABLE_CODE = YES;
				CLANG_WARN__DUPLICATE_METHOD_MATCH = YES;
				"CODE_SIGN_IDENTITY[sdk=iphoneos*]" = "iPhone Developer";
				COPY_PHASE_STRIP = NO;
				DEBUG_INFORMATION_FORMAT = "dwarf-with-dsym";
				ENABLE_NS_ASSERTIONS = NO;
				ENABLE_STRICT_OBJC_MSGSEND = YES;
				GCC_C_LANGUAGE_STANDARD = gnu99;
				GCC_NO_COMMON_BLOCKS = YES;
				GCC_WARN_64_TO_32_BIT_CONVERSION = YES;
				GCC_WARN_ABOUT_RETURN_TYPE = YES_ERROR;
				GCC_WARN_UNDECLARED_SELECTOR = YES;
				GCC_WARN_UNINITIALIZED_AUTOS = YES_AGGRESSIVE;
				GCC_WARN_UNUSED_FUNCTION = YES;
				GCC_WARN_UNUSED_VARIABLE = YES;
				IPHONEOS_DEPLOYMENT_TARGET = 9.1;
				MTL_ENABLE_DEBUG_INFO = NO;
				SDKROOT = iphoneos;
				VALIDATE_PRODUCT = YES;
			};
			name = Release;
		};
		CD0C1B431BF249880007091A /* Debug */ = {
			isa = XCBuildConfiguration;
			buildSettings = {
				ASSETCATALOG_COMPILER_APPICON_NAME = AppIcon;
				INFOPLIST_FILE = boomApp/Info.plist;
				LD_RUNPATH_SEARCH_PATHS = "$(inherited) @executable_path/Frameworks";
				PRODUCT_BUNDLE_IDENTIFIER = com.Project.boomApp;
				PRODUCT_NAME = "$(TARGET_NAME)";
			};
			name = Debug;
		};
		CD0C1B441BF249880007091A /* Release */ = {
			isa = XCBuildConfiguration;
			buildSettings = {
				ASSETCATALOG_COMPILER_APPICON_NAME = AppIcon;
				INFOPLIST_FILE = boomApp/Info.plist;
				LD_RUNPATH_SEARCH_PATHS = "$(inherited) @executable_path/Frameworks";
				PRODUCT_BUNDLE_IDENTIFIER = com.Project.boomApp;
				PRODUCT_NAME = "$(TARGET_NAME)";
			};
			name = Release;
		};
		CD0C1B461BF249880007091A /* Debug */ = {
			isa = XCBuildConfiguration;
			buildSettings = {
				BUNDLE_LOADER = "$(TEST_HOST)";
				INFOPLIST_FILE = boomAppTests/Info.plist;
				LD_RUNPATH_SEARCH_PATHS = "$(inherited) @executable_path/Frameworks @loader_path/Frameworks";
				PRODUCT_BUNDLE_IDENTIFIER = com.Project.boomAppTests;
				PRODUCT_NAME = "$(TARGET_NAME)";
				TEST_HOST = "$(BUILT_PRODUCTS_DIR)/boomApp.app/boomApp";
			};
			name = Debug;
		};
		CD0C1B471BF249880007091A /* Release */ = {
			isa = XCBuildConfiguration;
			buildSettings = {
				BUNDLE_LOADER = "$(TEST_HOST)";
				INFOPLIST_FILE = boomAppTests/Info.plist;
				LD_RUNPATH_SEARCH_PATHS = "$(inherited) @executable_path/Frameworks @loader_path/Frameworks";
				PRODUCT_BUNDLE_IDENTIFIER = com.Project.boomAppTests;
				PRODUCT_NAME = "$(TARGET_NAME)";
				TEST_HOST = "$(BUILT_PRODUCTS_DIR)/boomApp.app/boomApp";
			};
			name = Release;
		};
		CD0C1B491BF249880007091A /* Debug */ = {
			isa = XCBuildConfiguration;
			buildSettings = {
				INFOPLIST_FILE = boomAppUITests/Info.plist;
				LD_RUNPATH_SEARCH_PATHS = "$(inherited) @executable_path/Frameworks @loader_path/Frameworks";
				PRODUCT_BUNDLE_IDENTIFIER = com.Project.boomAppUITests;
				PRODUCT_NAME = "$(TARGET_NAME)";
				TEST_TARGET_NAME = boomApp;
				USES_XCTRUNNER = YES;
			};
			name = Debug;
		};
		CD0C1B4A1BF249880007091A /* Release */ = {
			isa = XCBuildConfiguration;
			buildSettings = {
				INFOPLIST_FILE = boomAppUITests/Info.plist;
				LD_RUNPATH_SEARCH_PATHS = "$(inherited) @executable_path/Frameworks @loader_path/Frameworks";
				PRODUCT_BUNDLE_IDENTIFIER = com.Project.boomAppUITests;
				PRODUCT_NAME = "$(TARGET_NAME)";
				TEST_TARGET_NAME = boomApp;
				USES_XCTRUNNER = YES;
			};
			name = Release;
		};
/* End XCBuildConfiguration section */

/* Begin XCConfigurationList section */
		CD0C1B151BF249880007091A /* Build configuration list for PBXProject "boomApp" */ = {
			isa = XCConfigurationList;
			buildConfigurations = (
				CD0C1B401BF249880007091A /* Debug */,
				CD0C1B411BF249880007091A /* Release */,
			);
			defaultConfigurationIsVisible = 0;
			defaultConfigurationName = Release;
		};
		CD0C1B421BF249880007091A /* Build configuration list for PBXNativeTarget "boomApp" */ = {
			isa = XCConfigurationList;
			buildConfigurations = (
				CD0C1B431BF249880007091A /* Debug */,
				CD0C1B441BF249880007091A /* Release */,
			);
			defaultConfigurationIsVisible = 0;
		};
		CD0C1B451BF249880007091A /* Build configuration list for PBXNativeTarget "boomAppTests" */ = {
			isa = XCConfigurationList;
			buildConfigurations = (
				CD0C1B461BF249880007091A /* Debug */,
				CD0C1B471BF249880007091A /* Release */,
			);
			defaultConfigurationIsVisible = 0;
		};
		CD0C1B481BF249880007091A /* Build configuration list for PBXNativeTarget "boomAppUITests" */ = {
			isa = XCConfigurationList;
			buildConfigurations = (
				CD0C1B491BF249880007091A /* Debug */,
				CD0C1B4A1BF249880007091A /* Release */,
			);
			defaultConfigurationIsVisible = 0;
		};
/* End XCConfigurationList section */
	};
	rootObject = CD0C1B121BF249880007091A /* Project object */;
}
